
Microsoft Visual Studio Solution File, Format Version 12.00
# Visual Studio Version 16
VisualStudioVersion = 16.0.31424.327
MinimumVisualStudioVersion = 10.0.40219.1
Project("{FAE04EC0-301F-11D3-BF4B-00C04F79EFBC}") = "01.SortEvenNumbers", "01.SortEvenNumbers\01.SortEvenNumbers.csproj", "{562F551D-6970-455C-BA0B-8C1E032CC3B8}"
EndProject
Project("{FAE04EC0-301F-11D3-BF4B-00C04F79EFBC}") = "02.SumNumbers", "02.SumNumbers\02.SumNumbers.csproj", "{4158AB25-6E12-4D95-AE2E-FFFC01115A9C}"
EndProject
Project("{FAE04EC0-301F-11D3-BF4B-00C04F79EFBC}") = "03.CountUppercaseWords", "03.CountUppercaseWords\03.CountUppercaseWords.csproj", "{6347654F-A4B3-4C28-A854-D6097E93F03E}"
EndProject
Project("{FAE04EC0-301F-11D3-BF4B-00C04F79EFBC}") = "04.AddVAT", "04.AddVAT\04.AddVAT.csproj", "{6C07E27B-A983-4125-9CF7-5F1FCE86DE95}"
EndProject
Project("{FAE04EC0-301F-11D3-BF4B-00C04F79EFBC}") = "05.FilterByAge", "05.FilterByAge\05.FilterByAge.csproj", "{3EAC5C13-DD37-457F-85CE-2063B5465977}"
EndProject
Global
	GlobalSection(SolutionConfigurationPlatforms) = preSolution
		Debug|Any CPU = Debug|Any CPU
		Release|Any CPU = Release|Any CPU
	EndGlobalSection
	GlobalSection(ProjectConfigurationPlatforms) = postSolution
		{562F551D-6970-455C-BA0B-8C1E032CC3B8}.Debug|Any CPU.ActiveCfg = Debug|Any CPU
		{562F551D-6970-455C-BA0B-8C1E032CC3B8}.Debug|Any CPU.Build.0 = Debug|Any CPU
		{562F551D-6970-455C-BA0B-8C1E032CC3B8}.Release|Any CPU.ActiveCfg = Release|Any CPU
		{562F551D-6970-455C-BA0B-8C1E032CC3B8}.Release|Any CPU.Build.0 = Release|Any CPU
		{4158AB25-6E12-4D95-AE2E-FFFC01115A9C}.Debug|Any CPU.ActiveCfg = Debug|Any CPU
		{4158AB25-6E12-4D95-AE2E-FFFC01115A9C}.Debug|Any CPU.Build.0 = Debug|Any CPU
		{4158AB25-6E12-4D95-AE2E-FFFC01115A9C}.Release|Any CPU.ActiveCfg = Release|Any CPU
		{4158AB25-6E12-4D95-AE2E-FFFC01115A9C}.Release|Any CPU.Build.0 = Release|Any CPU
		{6347654F-A4B3-4C28-A854-D6097E93F03E}.Debug|Any CPU.ActiveCfg = Debug|Any CPU
		{6347654F-A4B3-4C28-A854-D6097E93F03E}.Debug|Any CPU.Build.0 = Debug|Any CPU
		{6347654F-A4B3-4C28-A854-D6097E93F03E}.Release|Any CPU.ActiveCfg = Release|Any CPU
		{6347654F-A4B3-4C28-A854-D6097E93F03E}.Release|Any CPU.Build.0 = Release|Any CPU
		{6C07E27B-A983-4125-9CF7-5F1FCE86DE95}.Debug|Any CPU.ActiveCfg = Debug|Any CPU
		{6C07E27B-A983-4125-9CF7-5F1FCE86DE95}.Debug|Any CPU.Build.0 = Debug|Any CPU
		{6C07E27B-A983-4125-9CF7-5F1FCE86DE95}.Release|Any CPU.ActiveCfg = Release|Any CPU
		{6C07E27B-A983-4125-9CF7-5F1FCE86DE95}.Release|Any CPU.Build.0 = Release|Any CPU
		{3EAC5C13-DD37-457F-85CE-2063B5465977}.Debug|Any CPU.ActiveCfg = Debug|Any CPU
		{3EAC5C13-DD37-457F-85CE-2063B5465977}.Debug|Any CPU.Build.0 = Debug|Any CPU
		{3EAC5C13-DD37-457F-85CE-2063B5465977}.Release|Any CPU.ActiveCfg = Release|Any CPU
		{3EAC5C13-DD37-457F-85CE-2063B5465977}.Release|Any CPU.Build.0 = Release|Any CPU
	EndGlobalSection
	GlobalSection(SolutionProperties) = preSolution
		HideSolutionNode = FALSE
	EndGlobalSection
	GlobalSection(ExtensibilityGlobals) = postSolution
		SolutionGuid = {6FB2959C-6481-46AF-B070-CBE737E3552B}
	EndGlobalSection
EndGlobal
